
Microsoft Visual Studio Solution File, Format Version 12.00
# Visual Studio Version 16
VisualStudioVersion = 16.0.29905.134
MinimumVisualStudioVersion = 10.0.40219.1
Project("{FAE04EC0-301F-11D3-BF4B-00C04F79EFBC}") = "DiscordTokenChecker", "DiscordTokenChecker\DiscordTokenChecker.csproj", "{C73A932E-4B7D-437D-A3E5-C570EA270338}"
EndProject
Global
	GlobalSection(SolutionConfigurationPlatforms) = preSolution
		Debug|Any CPU = Debug|Any CPU
		Release|Any CPU = Release|Any CPU
	EndGlobalSection
	GlobalSection(ProjectConfigurationPlatforms) = postSolution
		{C73A932E-4B7D-437D-A3E5-C570EA270338}.Debug|Any CPU.ActiveCfg = Debug|Any CPU
		{C73A932E-4B7D-437D-A3E5-C570EA270338}.Debug|Any CPU.Build.0 = Debug|Any CPU
		{C73A932E-4B7D-437D-A3E5-C570EA270338}.Release|Any CPU.ActiveCfg = Release|Any CPU
		{C73A932E-4B7D-437D-A3E5-C570EA270338}.Release|Any CPU.Build.0 = Release|Any CPU
	EndGlobalSection
	GlobalSection(SolutionProperties) = preSolution
		HideSolutionNode = FALSE
	EndGlobalSection
	GlobalSection(ExtensibilityGlobals) = postSolution
		SolutionGuid = {DB33DA79-8F17-4FEE-B1CA-336F279F633F}
	EndGlobalSection
EndGlobal
